
Microsoft Visual Studio Solution File, Format Version 12.00
# Visual Studio Version 17
VisualStudioVersion = 17.12.35521.163 d17.12
MinimumVisualStudioVersion = 10.0.40219.1
Project("{FAE04EC0-301F-11D3-BF4B-00C04F79EFBC}") = "FinanceManagementSystem", "FinanceManagementSystem\FinanceManagementSystem.csproj", "{9F7C44DC-A4C8-4ADC-AB2A-D28CCC3AE2A5}"
EndProject
Project("{2150E333-8FDC-42A3-9474-1A3956D46DE8}") = "Элементы решения", "Элементы решения", "{6D227F45-E5EE-488D-8C56-042F380C351C}"
EndProject
Project("{FAE04EC0-301F-11D3-BF4B-00C04F79EFBC}") = "FinanceManagementSystem.Tests", "FinanceManagementSystem.Tests\FinanceManagementSystem.Tests.csproj", "{00D81642-C157-47A0-BC89-0EFBF35F783F}"
EndProject
Global
	GlobalSection(SolutionConfigurationPlatforms) = preSolution
		Debug|Any CPU = Debug|Any CPU
		Release|Any CPU = Release|Any CPU
	EndGlobalSection
	GlobalSection(ProjectConfigurationPlatforms) = postSolution
		{9F7C44DC-A4C8-4ADC-AB2A-D28CCC3AE2A5}.Debug|Any CPU.ActiveCfg = Debug|Any CPU
		{9F7C44DC-A4C8-4ADC-AB2A-D28CCC3AE2A5}.Debug|Any CPU.Build.0 = Debug|Any CPU
		{9F7C44DC-A4C8-4ADC-AB2A-D28CCC3AE2A5}.Release|Any CPU.ActiveCfg = Release|Any CPU
		{9F7C44DC-A4C8-4ADC-AB2A-D28CCC3AE2A5}.Release|Any CPU.Build.0 = Release|Any CPU
		{00D81642-C157-47A0-BC89-0EFBF35F783F}.Debug|Any CPU.ActiveCfg = Debug|Any CPU
		{00D81642-C157-47A0-BC89-0EFBF35F783F}.Debug|Any CPU.Build.0 = Debug|Any CPU
		{00D81642-C157-47A0-BC89-0EFBF35F783F}.Release|Any CPU.ActiveCfg = Release|Any CPU
		{00D81642-C157-47A0-BC89-0EFBF35F783F}.Release|Any CPU.Build.0 = Release|Any CPU
	EndGlobalSection
	GlobalSection(SolutionProperties) = preSolution
		HideSolutionNode = FALSE
	EndGlobalSection
EndGlobal
